// !$*UTF8*$!
{
	archiveVersion = 1;
	classes = {
	};
	objectVersion = 55;
	objects = {

/* Begin PBXBuildFile section */
		AA0D998E291BD71C009877B2 /* CustomPushAnimator.swift in Sources */ = {isa = PBXBuildFile; fileRef = AA0D998D291BD71C009877B2 /* CustomPushAnimator.swift */; };
		AA0D9990291BD729009877B2 /* CustomPopAnimator.swift in Sources */ = {isa = PBXBuildFile; fileRef = AA0D998F291BD729009877B2 /* CustomPopAnimator.swift */; };
		AA5090EC291789B0005E7DC4 /* NewsViewController.swift in Sources */ = {isa = PBXBuildFile; fileRef = AA5090EB291789B0005E7DC4 /* NewsViewController.swift */; };
		AA5090EF29178A1E005E7DC4 /* NewsTableViewCell.swift in Sources */ = {isa = PBXBuildFile; fileRef = AA5090ED29178A1E005E7DC4 /* NewsTableViewCell.swift */; };
		AA5090F029178A1E005E7DC4 /* NewsTableViewCell.xib in Resources */ = {isa = PBXBuildFile; fileRef = AA5090EE29178A1E005E7DC4 /* NewsTableViewCell.xib */; };
		AA5090F229178A3C005E7DC4 /* News.swift in Sources */ = {isa = PBXBuildFile; fileRef = AA5090F129178A3C005E7DC4 /* News.swift */; };
		AA5090F529179C7E005E7DC4 /* NewsImageCollectionViewCell.swift in Sources */ = {isa = PBXBuildFile; fileRef = AA5090F329179C7E005E7DC4 /* NewsImageCollectionViewCell.swift */; };
		AA5090F629179C7E005E7DC4 /* NewsImageCollectionViewCell.xib in Resources */ = {isa = PBXBuildFile; fileRef = AA5090F429179C7E005E7DC4 /* NewsImageCollectionViewCell.xib */; };
		AA72A193291A72B300B24EB2 /* BigPhotosUserViewController.swift in Sources */ = {isa = PBXBuildFile; fileRef = AA72A192291A72B300B24EB2 /* BigPhotosUserViewController.swift */; };
		AA73C24529127F2600715351 /* FriendsUserTableViewCell.swift in Sources */ = {isa = PBXBuildFile; fileRef = AA73C24429127F2600715351 /* FriendsUserTableViewCell.swift */; };
		AA73C2482912831E00715351 /* User.swift in Sources */ = {isa = PBXBuildFile; fileRef = AA73C2472912831E00715351 /* User.swift */; };
		AA73C24A2912839E00715351 /* Group.swift in Sources */ = {isa = PBXBuildFile; fileRef = AA73C2492912839E00715351 /* Group.swift */; };
		AA73C24C291287E200715351 /* PhotosUserCollectionViewCell.swift in Sources */ = {isa = PBXBuildFile; fileRef = AA73C24B291287E200715351 /* PhotosUserCollectionViewCell.swift */; };
		AA73C250291298BA00715351 /* GroupUserTableViewCell.swift in Sources */ = {isa = PBXBuildFile; fileRef = AA73C24F291298BA00715351 /* GroupUserTableViewCell.swift */; };
		AA73C25229129E2800715351 /* SearchGroupTableViewCell.swift in Sources */ = {isa = PBXBuildFile; fileRef = AA73C25129129E2800715351 /* SearchGroupTableViewCell.swift */; };
		AA76FCA6291BC05600400F30 /* CustomInteractiveTransition.swift in Sources */ = {isa = PBXBuildFile; fileRef = AA76FCA5291BC05600400F30 /* CustomInteractiveTransition.swift */; };
		AA76FCA8291BC49B00400F30 /* MainNavigationController.swift in Sources */ = {isa = PBXBuildFile; fileRef = AA76FCA7291BC49B00400F30 /* MainNavigationController.swift */; };
		AA8441AC290FD9B400F2F135 /* AppDelegate.swift in Sources */ = {isa = PBXBuildFile; fileRef = AA8441AB290FD9B400F2F135 /* AppDelegate.swift */; };
		AA8441AE290FD9B400F2F135 /* SceneDelegate.swift in Sources */ = {isa = PBXBuildFile; fileRef = AA8441AD290FD9B400F2F135 /* SceneDelegate.swift */; };
		AA8441B3290FD9B400F2F135 /* Main.storyboard in Resources */ = {isa = PBXBuildFile; fileRef = AA8441B1290FD9B400F2F135 /* Main.storyboard */; };
		AA8441B5290FD9B400F2F135 /* Assets.xcassets in Resources */ = {isa = PBXBuildFile; fileRef = AA8441B4290FD9B400F2F135 /* Assets.xcassets */; };
		AA8441B8290FD9B400F2F135 /* LaunchScreen.storyboard in Resources */ = {isa = PBXBuildFile; fileRef = AA8441B6290FD9B400F2F135 /* LaunchScreen.storyboard */; };
		AA844203290FEB3B00F2F135 /* LoginViewController.swift in Sources */ = {isa = PBXBuildFile; fileRef = AA844202290FEB3B00F2F135 /* LoginViewController.swift */; };
		AA88BB07291A5589004EB2DE /* UIViewController+Alert.swift in Sources */ = {isa = PBXBuildFile; fileRef = AA88BB06291A5589004EB2DE /* UIViewController+Alert.swift */; };
		AABC597F291014000014890B /* GroupUserTableViewController.swift in Sources */ = {isa = PBXBuildFile; fileRef = AABC597E291014000014890B /* GroupUserTableViewController.swift */; };
		AABC5981291014140014890B /* SearchGroupTableViewController.swift in Sources */ = {isa = PBXBuildFile; fileRef = AABC5980291014140014890B /* SearchGroupTableViewController.swift */; };
		AABC5984291014360014890B /* PhotosUserCollectionViewController.swift in Sources */ = {isa = PBXBuildFile; fileRef = AABC5983291014360014890B /* PhotosUserCollectionViewController.swift */; };
		AAC07589292BAD4700799DF7 /* Session.swift in Sources */ = {isa = PBXBuildFile; fileRef = AAC07588292BAD4700799DF7 /* Session.swift */; };
		AAEF7F5D2913C245001AB6CD /* ShadowView.swift in Sources */ = {isa = PBXBuildFile; fileRef = AAEF7F5C2913C245001AB6CD /* ShadowView.swift */; };
		AAEF7F5F2913CAE6001AB6CD /* LikeControl.swift in Sources */ = {isa = PBXBuildFile; fileRef = AAEF7F5E2913CAE6001AB6CD /* LikeControl.swift */; };
		AAEF7F612913D491001AB6CD /* CharacterSetControl.swift in Sources */ = {isa = PBXBuildFile; fileRef = AAEF7F602913D491001AB6CD /* CharacterSetControl.swift */; };
		AAEF7F632913D8E7001AB6CD /* FriendsUserViewController.swift in Sources */ = {isa = PBXBuildFile; fileRef = AAEF7F622913D8E7001AB6CD /* FriendsUserViewController.swift */; };
/* End PBXBuildFile section */

/* Begin PBXFileReference section */
		AA0D998D291BD71C009877B2 /* CustomPushAnimator.swift */ = {isa = PBXFileReference; lastKnownFileType = sourcecode.swift; path = CustomPushAnimator.swift; sourceTree = "<group>"; };
		AA0D998F291BD729009877B2 /* CustomPopAnimator.swift */ = {isa = PBXFileReference; lastKnownFileType = sourcecode.swift; path = CustomPopAnimator.swift; sourceTree = "<group>"; };
		AA5090EB291789B0005E7DC4 /* NewsViewController.swift */ = {isa = PBXFileReference; lastKnownFileType = sourcecode.swift; path = NewsViewController.swift; sourceTree = "<group>"; };
		AA5090ED29178A1E005E7DC4 /* NewsTableViewCell.swift */ = {isa = PBXFileReference; lastKnownFileType = sourcecode.swift; path = NewsTableViewCell.swift; sourceTree = "<group>"; };
		AA5090EE29178A1E005E7DC4 /* NewsTableViewCell.xib */ = {isa = PBXFileReference; lastKnownFileType = file.xib; path = NewsTableViewCell.xib; sourceTree = "<group>"; };
		AA5090F129178A3C005E7DC4 /* News.swift */ = {isa = PBXFileReference; lastKnownFileType = sourcecode.swift; path = News.swift; sourceTree = "<group>"; };
		AA5090F329179C7E005E7DC4 /* NewsImageCollectionViewCell.swift */ = {isa = PBXFileReference; lastKnownFileType = sourcecode.swift; path = NewsImageCollectionViewCell.swift; sourceTree = "<group>"; };
		AA5090F429179C7E005E7DC4 /* NewsImageCollectionViewCell.xib */ = {isa = PBXFileReference; lastKnownFileType = file.xib; path = NewsImageCollectionViewCell.xib; sourceTree = "<group>"; };
		AA72A192291A72B300B24EB2 /* BigPhotosUserViewController.swift */ = {isa = PBXFileReference; lastKnownFileType = sourcecode.swift; path = BigPhotosUserViewController.swift; sourceTree = "<group>"; };
		AA73C24429127F2600715351 /* FriendsUserTableViewCell.swift */ = {isa = PBXFileReference; lastKnownFileType = sourcecode.swift; path = FriendsUserTableViewCell.swift; sourceTree = "<group>"; };
		AA73C2472912831E00715351 /* User.swift */ = {isa = PBXFileReference; lastKnownFileType = sourcecode.swift; path = User.swift; sourceTree = "<group>"; };
		AA73C2492912839E00715351 /* Group.swift */ = {isa = PBXFileReference; lastKnownFileType = sourcecode.swift; path = Group.swift; sourceTree = "<group>"; };
		AA73C24B291287E200715351 /* PhotosUserCollectionViewCell.swift */ = {isa = PBXFileReference; lastKnownFileType = sourcecode.swift; path = PhotosUserCollectionViewCell.swift; sourceTree = "<group>"; };
		AA73C24F291298BA00715351 /* GroupUserTableViewCell.swift */ = {isa = PBXFileReference; lastKnownFileType = sourcecode.swift; path = GroupUserTableViewCell.swift; sourceTree = "<group>"; };
		AA73C25129129E2800715351 /* SearchGroupTableViewCell.swift */ = {isa = PBXFileReference; lastKnownFileType = sourcecode.swift; path = SearchGroupTableViewCell.swift; sourceTree = "<group>"; };
		AA76FCA5291BC05600400F30 /* CustomInteractiveTransition.swift */ = {isa = PBXFileReference; lastKnownFileType = sourcecode.swift; path = CustomInteractiveTransition.swift; sourceTree = "<group>"; };
		AA76FCA7291BC49B00400F30 /* MainNavigationController.swift */ = {isa = PBXFileReference; lastKnownFileType = sourcecode.swift; path = MainNavigationController.swift; sourceTree = "<group>"; };
		AA8441A8290FD9B400F2F135 /* VKApp.app */ = {isa = PBXFileReference; explicitFileType = wrapper.application; includeInIndex = 0; path = VKApp.app; sourceTree = BUILT_PRODUCTS_DIR; };
		AA8441AB290FD9B400F2F135 /* AppDelegate.swift */ = {isa = PBXFileReference; lastKnownFileType = sourcecode.swift; path = AppDelegate.swift; sourceTree = "<group>"; };
		AA8441AD290FD9B400F2F135 /* SceneDelegate.swift */ = {isa = PBXFileReference; lastKnownFileType = sourcecode.swift; path = SceneDelegate.swift; sourceTree = "<group>"; };
		AA8441B2290FD9B400F2F135 /* Base */ = {isa = PBXFileReference; lastKnownFileType = file.storyboard; name = Base; path = Base.lproj/Main.storyboard; sourceTree = "<group>"; };
		AA8441B4290FD9B400F2F135 /* Assets.xcassets */ = {isa = PBXFileReference; lastKnownFileType = folder.assetcatalog; path = Assets.xcassets; sourceTree = "<group>"; };
		AA8441B7290FD9B400F2F135 /* Base */ = {isa = PBXFileReference; lastKnownFileType = file.storyboard; name = Base; path = Base.lproj/LaunchScreen.storyboard; sourceTree = "<group>"; };
		AA8441B9290FD9B400F2F135 /* Info.plist */ = {isa = PBXFileReference; lastKnownFileType = text.plist.xml; path = Info.plist; sourceTree = "<group>"; };
		AA844202290FEB3B00F2F135 /* LoginViewController.swift */ = {isa = PBXFileReference; lastKnownFileType = sourcecode.swift; path = LoginViewController.swift; sourceTree = "<group>"; };
		AA88BB06291A5589004EB2DE /* UIViewController+Alert.swift */ = {isa = PBXFileReference; lastKnownFileType = sourcecode.swift; path = "UIViewController+Alert.swift"; sourceTree = "<group>"; };
		AABC597E291014000014890B /* GroupUserTableViewController.swift */ = {isa = PBXFileReference; lastKnownFileType = sourcecode.swift; path = GroupUserTableViewController.swift; sourceTree = "<group>"; };
		AABC5980291014140014890B /* SearchGroupTableViewController.swift */ = {isa = PBXFileReference; lastKnownFileType = sourcecode.swift; path = SearchGroupTableViewController.swift; sourceTree = "<group>"; };
		AABC5983291014360014890B /* PhotosUserCollectionViewController.swift */ = {isa = PBXFileReference; lastKnownFileType = sourcecode.swift; path = PhotosUserCollectionViewController.swift; sourceTree = "<group>"; };
		AAC07588292BAD4700799DF7 /* Session.swift */ = {isa = PBXFileReference; lastKnownFileType = sourcecode.swift; path = Session.swift; sourceTree = "<group>"; };
		AAEF7F5C2913C245001AB6CD /* ShadowView.swift */ = {isa = PBXFileReference; lastKnownFileType = sourcecode.swift; path = ShadowView.swift; sourceTree = "<group>"; };
		AAEF7F5E2913CAE6001AB6CD /* LikeControl.swift */ = {isa = PBXFileReference; lastKnownFileType = sourcecode.swift; path = LikeControl.swift; sourceTree = "<group>"; };
		AAEF7F602913D491001AB6CD /* CharacterSetControl.swift */ = {isa = PBXFileReference; lastKnownFileType = sourcecode.swift; path = CharacterSetControl.swift; sourceTree = "<group>"; };
		AAEF7F622913D8E7001AB6CD /* FriendsUserViewController.swift */ = {isa = PBXFileReference; lastKnownFileType = sourcecode.swift; path = FriendsUserViewController.swift; sourceTree = "<group>"; };
/* End PBXFileReference section */

/* Begin PBXFrameworksBuildPhase section */
		AA8441A5290FD9B400F2F135 /* Frameworks */ = {
			isa = PBXFrameworksBuildPhase;
			buildActionMask = 2147483647;
			files = (
			);
			runOnlyForDeploymentPostprocessing = 0;
		};
/* End PBXFrameworksBuildPhase section */

/* Begin PBXGroup section */
		AA73C24329127F1000715351 /* Views */ = {
			isa = PBXGroup;
			children = (
				AA73C24429127F2600715351 /* FriendsUserTableViewCell.swift */,
				AA73C24B291287E200715351 /* PhotosUserCollectionViewCell.swift */,
				AA73C24F291298BA00715351 /* GroupUserTableViewCell.swift */,
				AA73C25129129E2800715351 /* SearchGroupTableViewCell.swift */,
				AAEF7F5C2913C245001AB6CD /* ShadowView.swift */,
				AAEF7F5E2913CAE6001AB6CD /* LikeControl.swift */,
				AAEF7F602913D491001AB6CD /* CharacterSetControl.swift */,
				AA5090ED29178A1E005E7DC4 /* NewsTableViewCell.swift */,
				AA5090EE29178A1E005E7DC4 /* NewsTableViewCell.xib */,
				AA5090F329179C7E005E7DC4 /* NewsImageCollectionViewCell.swift */,
				AA5090F429179C7E005E7DC4 /* NewsImageCollectionViewCell.xib */,
			);
			path = Views;
			sourceTree = "<group>";
		};
		AA73C2462912830F00715351 /* Models */ = {
			isa = PBXGroup;
			children = (
				AA73C2472912831E00715351 /* User.swift */,
				AA73C2492912839E00715351 /* Group.swift */,
				AA5090F129178A3C005E7DC4 /* News.swift */,
				AAC07588292BAD4700799DF7 /* Session.swift */,
			);
			path = Models;
			sourceTree = "<group>";
		};
		AA76FCA4291BC00B00400F30 /* CustomUIComponents */ = {
			isa = PBXGroup;
			children = (
				AA76FCA5291BC05600400F30 /* CustomInteractiveTransition.swift */,
				AA76FCA7291BC49B00400F30 /* MainNavigationController.swift */,
				AA0D998D291BD71C009877B2 /* CustomPushAnimator.swift */,
				AA0D998F291BD729009877B2 /* CustomPopAnimator.swift */,
			);
			path = CustomUIComponents;
			sourceTree = "<group>";
		};
		AA84419F290FD9B400F2F135 = {
			isa = PBXGroup;
			children = (
				AA8441AA290FD9B400F2F135 /* VKApp */,
				AA8441A9290FD9B400F2F135 /* Products */,
			);
			sourceTree = "<group>";
		};
		AA8441A9290FD9B400F2F135 /* Products */ = {
			isa = PBXGroup;
			children = (
				AA8441A8290FD9B400F2F135 /* VKApp.app */,
			);
			name = Products;
			sourceTree = "<group>";
		};
		AA8441AA290FD9B400F2F135 /* VKApp */ = {
			isa = PBXGroup;
			children = (
				AA76FCA4291BC00B00400F30 /* CustomUIComponents */,
				AA88BB05291A554E004EB2DE /* Extensions */,
				AA73C2462912830F00715351 /* Models */,
				AA73C24329127F1000715351 /* Views */,
				AA844201290FEB0D00F2F135 /* Controllers */,
				AA8441AB290FD9B400F2F135 /* AppDelegate.swift */,
				AA8441AD290FD9B400F2F135 /* SceneDelegate.swift */,
				AA8441B1290FD9B400F2F135 /* Main.storyboard */,
				AA8441B4290FD9B400F2F135 /* Assets.xcassets */,
				AA8441B6290FD9B400F2F135 /* LaunchScreen.storyboard */,
				AA8441B9290FD9B400F2F135 /* Info.plist */,
			);
			path = VKApp;
			sourceTree = "<group>";
		};
		AA844201290FEB0D00F2F135 /* Controllers */ = {
			isa = PBXGroup;
			children = (
				AA844202290FEB3B00F2F135 /* LoginViewController.swift */,
				AABC597E291014000014890B /* GroupUserTableViewController.swift */,
				AABC5980291014140014890B /* SearchGroupTableViewController.swift */,
				AABC5983291014360014890B /* PhotosUserCollectionViewController.swift */,
				AAEF7F622913D8E7001AB6CD /* FriendsUserViewController.swift */,
				AA5090EB291789B0005E7DC4 /* NewsViewController.swift */,
				AA72A192291A72B300B24EB2 /* BigPhotosUserViewController.swift */,
			);
			path = Controllers;
			sourceTree = "<group>";
		};
		AA88BB05291A554E004EB2DE /* Extensions */ = {
			isa = PBXGroup;
			children = (
				AA88BB06291A5589004EB2DE /* UIViewController+Alert.swift */,
			);
			path = Extensions;
			sourceTree = "<group>";
		};
/* End PBXGroup section */

/* Begin PBXNativeTarget section */
		AA8441A7290FD9B400F2F135 /* VKApp */ = {
			isa = PBXNativeTarget;
			buildConfigurationList = AA8441BC290FD9B400F2F135 /* Build configuration list for PBXNativeTarget "VKApp" */;
			buildPhases = (
				AA8441A4290FD9B400F2F135 /* Sources */,
				AA8441A5290FD9B400F2F135 /* Frameworks */,
				AA8441A6290FD9B400F2F135 /* Resources */,
				AA8441BF290FD9DC00F2F135 /* SwiftFormat */,
				AA8441C0290FDA4900F2F135 /* SwiftLint */,
			);
			buildRules = (
			);
			dependencies = (
			);
			name = VKApp;
			productName = VKApp;
			productReference = AA8441A8290FD9B400F2F135 /* VKApp.app */;
			productType = "com.apple.product-type.application";
		};
/* End PBXNativeTarget section */

/* Begin PBXProject section */
		AA8441A0290FD9B400F2F135 /* Project object */ = {
			isa = PBXProject;
			attributes = {
				BuildIndependentTargetsInParallel = 1;
				LastSwiftUpdateCheck = 1340;
				LastUpgradeCheck = 1340;
				TargetAttributes = {
					AA8441A7290FD9B400F2F135 = {
						CreatedOnToolsVersion = 13.4.1;
					};
				};
			};
			buildConfigurationList = AA8441A3290FD9B400F2F135 /* Build configuration list for PBXProject "VKApp" */;
			compatibilityVersion = "Xcode 13.0";
			developmentRegion = en;
			hasScannedForEncodings = 0;
			knownRegions = (
				en,
				Base,
			);
			mainGroup = AA84419F290FD9B400F2F135;
			productRefGroup = AA8441A9290FD9B400F2F135 /* Products */;
			projectDirPath = "";
			projectRoot = "";
			targets = (
				AA8441A7290FD9B400F2F135 /* VKApp */,
			);
		};
/* End PBXProject section */

/* Begin PBXResourcesBuildPhase section */
		AA8441A6290FD9B400F2F135 /* Resources */ = {
			isa = PBXResourcesBuildPhase;
			buildActionMask = 2147483647;
			files = (
				AA8441B8290FD9B400F2F135 /* LaunchScreen.storyboard in Resources */,
				AA8441B5290FD9B400F2F135 /* Assets.xcassets in Resources */,
				AA5090F029178A1E005E7DC4 /* NewsTableViewCell.xib in Resources */,
				AA8441B3290FD9B400F2F135 /* Main.storyboard in Resources */,
				AA5090F629179C7E005E7DC4 /* NewsImageCollectionViewCell.xib in Resources */,
			);
			runOnlyForDeploymentPostprocessing = 0;
		};
/* End PBXResourcesBuildPhase section */

/* Begin PBXShellScriptBuildPhase section */
		AA8441BF290FD9DC00F2F135 /* SwiftFormat */ = {
			isa = PBXShellScriptBuildPhase;
			buildActionMask = 2147483647;
			files = (
			);
			inputFileListPaths = (
			);
			inputPaths = (
			);
			name = SwiftFormat;
			outputFileListPaths = (
			);
			outputPaths = (
			);
			runOnlyForDeploymentPostprocessing = 0;
			shellPath = /bin/sh;
			shellScript = "export PATH=/opt/homebrew/bin:$PATH\nif which swiftformat >/dev/null; then\n  swiftformat .\nelse\n  echo \"warning: SwiftFormat not installed, download from https://github.com/nicklockwood/SwiftFormat\"\nfi\n";
		};
		AA8441C0290FDA4900F2F135 /* SwiftLint */ = {
			isa = PBXShellScriptBuildPhase;
			buildActionMask = 2147483647;
			files = (
			);
			inputFileListPaths = (
			);
			inputPaths = (
			);
			name = SwiftLint;
			outputFileListPaths = (
			);
			outputPaths = (
			);
			runOnlyForDeploymentPostprocessing = 0;
			shellPath = /bin/sh;
			shellScript = "export PATH=/opt/homebrew/bin:$PATH\nif which swiftlint > /dev/null; then\n  swiftlint\nelse\n  echo \"warning: SwiftLint not installed, download from https://github.com/realm/SwiftLint\"\nfi\n";
		};
/* End PBXShellScriptBuildPhase section */

/* Begin PBXSourcesBuildPhase section */
		AA8441A4290FD9B400F2F135 /* Sources */ = {
			isa = PBXSourcesBuildPhase;
			buildActionMask = 2147483647;
			files = (
				AABC597F291014000014890B /* GroupUserTableViewController.swift in Sources */,
				AA73C250291298BA00715351 /* GroupUserTableViewCell.swift in Sources */,
				AA88BB07291A5589004EB2DE /* UIViewController+Alert.swift in Sources */,
				AA844203290FEB3B00F2F135 /* LoginViewController.swift in Sources */,
				AA73C24A2912839E00715351 /* Group.swift in Sources */,
				AA8441AC290FD9B400F2F135 /* AppDelegate.swift in Sources */,
				AA76FCA6291BC05600400F30 /* CustomInteractiveTransition.swift in Sources */,
				AA5090F529179C7E005E7DC4 /* NewsImageCollectionViewCell.swift in Sources */,
				AAEF7F5D2913C245001AB6CD /* ShadowView.swift in Sources */,
				AA5090F229178A3C005E7DC4 /* News.swift in Sources */,
				AAEF7F5F2913CAE6001AB6CD /* LikeControl.swift in Sources */,
				AA8441AE290FD9B400F2F135 /* SceneDelegate.swift in Sources */,
				AA76FCA8291BC49B00400F30 /* MainNavigationController.swift in Sources */,
				AA5090EF29178A1E005E7DC4 /* NewsTableViewCell.swift in Sources */,
				AA73C25229129E2800715351 /* SearchGroupTableViewCell.swift in Sources */,
				AAEF7F632913D8E7001AB6CD /* FriendsUserViewController.swift in Sources */,
				AA73C24C291287E200715351 /* PhotosUserCollectionViewCell.swift in Sources */,
				AAC07589292BAD4700799DF7 /* Session.swift in Sources */,
				AA0D9990291BD729009877B2 /* CustomPopAnimator.swift in Sources */,
				AA72A193291A72B300B24EB2 /* BigPhotosUserViewController.swift in Sources */,
				AA0D998E291BD71C009877B2 /* CustomPushAnimator.swift in Sources */,
				AA73C2482912831E00715351 /* User.swift in Sources */,
				AA5090EC291789B0005E7DC4 /* NewsViewController.swift in Sources */,
				AABC5984291014360014890B /* PhotosUserCollectionViewController.swift in Sources */,
				AA73C24529127F2600715351 /* FriendsUserTableViewCell.swift in Sources */,
				AAEF7F612913D491001AB6CD /* CharacterSetControl.swift in Sources */,
				AABC5981291014140014890B /* SearchGroupTableViewController.swift in Sources */,
			);
			runOnlyForDeploymentPostprocessing = 0;
		};
/* End PBXSourcesBuildPhase section */

/* Begin PBXVariantGroup section */
		AA8441B1290FD9B400F2F135 /* Main.storyboard */ = {
			isa = PBXVariantGroup;
			children = (
				AA8441B2290FD9B400F2F135 /* Base */,
			);
			name = Main.storyboard;
			sourceTree = "<group>";
		};
		AA8441B6290FD9B400F2F135 /* LaunchScreen.storyboard */ = {
			isa = PBXVariantGroup;
			children = (
				AA8441B7290FD9B400F2F135 /* Base */,
			);
			name = LaunchScreen.storyboard;
			sourceTree = "<group>";
		};
/* End PBXVariantGroup section */

/* Begin XCBuildConfiguration section */
		AA8441BA290FD9B400F2F135 /* Debug */ = {
			isa = XCBuildConfiguration;
			buildSettings = {
				ALWAYS_SEARCH_USER_PATHS = NO;
				CLANG_ANALYZER_NONNULL = YES;
				CLANG_ANALYZER_NUMBER_OBJECT_CONVERSION = YES_AGGRESSIVE;
				CLANG_CXX_LANGUAGE_STANDARD = "gnu++17";
				CLANG_ENABLE_MODULES = YES;
				CLANG_ENABLE_OBJC_ARC = YES;
				CLANG_ENABLE_OBJC_WEAK = YES;
				CLANG_WARN_BLOCK_CAPTURE_AUTORELEASING = YES;
				CLANG_WARN_BOOL_CONVERSION = YES;
				CLANG_WARN_COMMA = YES;
				CLANG_WARN_CONSTANT_CONVERSION = YES;
				CLANG_WARN_DEPRECATED_OBJC_IMPLEMENTATIONS = YES;
				CLANG_WARN_DIRECT_OBJC_ISA_USAGE = YES_ERROR;
				CLANG_WARN_DOCUMENTATION_COMMENTS = YES;
				CLANG_WARN_EMPTY_BODY = YES;
				CLANG_WARN_ENUM_CONVERSION = YES;
				CLANG_WARN_INFINITE_RECURSION = YES;
				CLANG_WARN_INT_CONVERSION = YES;
				CLANG_WARN_NON_LITERAL_NULL_CONVERSION = YES;
				CLANG_WARN_OBJC_IMPLICIT_RETAIN_SELF = YES;
				CLANG_WARN_OBJC_LITERAL_CONVERSION = YES;
				CLANG_WARN_OBJC_ROOT_CLASS = YES_ERROR;
				CLANG_WARN_QUOTED_INCLUDE_IN_FRAMEWORK_HEADER = YES;
				CLANG_WARN_RANGE_LOOP_ANALYSIS = YES;
				CLANG_WARN_STRICT_PROTOTYPES = YES;
				CLANG_WARN_SUSPICIOUS_MOVE = YES;
				CLANG_WARN_UNGUARDED_AVAILABILITY = YES_AGGRESSIVE;
				CLANG_WARN_UNREACHABLE_CODE = YES;
				CLANG_WARN__DUPLICATE_METHOD_MATCH = YES;
				COPY_PHASE_STRIP = NO;
				DEBUG_INFORMATION_FORMAT = dwarf;
				ENABLE_STRICT_OBJC_MSGSEND = YES;
				ENABLE_TESTABILITY = YES;
				GCC_C_LANGUAGE_STANDARD = gnu11;
				GCC_DYNAMIC_NO_PIC = NO;
				GCC_NO_COMMON_BLOCKS = YES;
				GCC_OPTIMIZATION_LEVEL = 0;
				GCC_PREPROCESSOR_DEFINITIONS = (
					"DEBUG=1",
					"$(inherited)",
				);
				GCC_WARN_64_TO_32_BIT_CONVERSION = YES;
				GCC_WARN_ABOUT_RETURN_TYPE = YES_ERROR;
				GCC_WARN_UNDECLARED_SELECTOR = YES;
				GCC_WARN_UNINITIALIZED_AUTOS = YES_AGGRESSIVE;
				GCC_WARN_UNUSED_FUNCTION = YES;
				GCC_WARN_UNUSED_VARIABLE = YES;
				IPHONEOS_DEPLOYMENT_TARGET = 15.5;
				MTL_ENABLE_DEBUG_INFO = INCLUDE_SOURCE;
				MTL_FAST_MATH = YES;
				ONLY_ACTIVE_ARCH = YES;
				SDKROOT = iphoneos;
				SWIFT_ACTIVE_COMPILATION_CONDITIONS = DEBUG;
				SWIFT_OPTIMIZATION_LEVEL = "-Onone";
			};
			name = Debug;
		};
		AA8441BB290FD9B400F2F135 /* Release */ = {
			isa = XCBuildConfiguration;
			buildSettings = {
				ALWAYS_SEARCH_USER_PATHS = NO;
				CLANG_ANALYZER_NONNULL = YES;
				CLANG_ANALYZER_NUMBER_OBJECT_CONVERSION = YES_AGGRESSIVE;
				CLANG_CXX_LANGUAGE_STANDARD = "gnu++17";
				CLANG_ENABLE_MODULES = YES;
				CLANG_ENABLE_OBJC_ARC = YES;
				CLANG_ENABLE_OBJC_WEAK = YES;
				CLANG_WARN_BLOCK_CAPTURE_AUTORELEASING = YES;
				CLANG_WARN_BOOL_CONVERSION = YES;
				CLANG_WARN_COMMA = YES;
				CLANG_WARN_CONSTANT_CONVERSION = YES;
				CLANG_WARN_DEPRECATED_OBJC_IMPLEMENTATIONS = YES;
				CLANG_WARN_DIRECT_OBJC_ISA_USAGE = YES_ERROR;
				CLANG_WARN_DOCUMENTATION_COMMENTS = YES;
				CLANG_WARN_EMPTY_BODY = YES;
				CLANG_WARN_ENUM_CONVERSION = YES;
				CLANG_WARN_INFINITE_RECURSION = YES;
				CLANG_WARN_INT_CONVERSION = YES;
				CLANG_WARN_NON_LITERAL_NULL_CONVERSION = YES;
				CLANG_WARN_OBJC_IMPLICIT_RETAIN_SELF = YES;
				CLANG_WARN_OBJC_LITERAL_CONVERSION = YES;
				CLANG_WARN_OBJC_ROOT_CLASS = YES_ERROR;
				CLANG_WARN_QUOTED_INCLUDE_IN_FRAMEWORK_HEADER = YES;
				CLANG_WARN_RANGE_LOOP_ANALYSIS = YES;
				CLANG_WARN_STRICT_PROTOTYPES = YES;
				CLANG_WARN_SUSPICIOUS_MOVE = YES;
				CLANG_WARN_UNGUARDED_AVAILABILITY = YES_AGGRESSIVE;
				CLANG_WARN_UNREACHABLE_CODE = YES;
				CLANG_WARN__DUPLICATE_METHOD_MATCH = YES;
				COPY_PHASE_STRIP = NO;
				DEBUG_INFORMATION_FORMAT = "dwarf-with-dsym";
				ENABLE_NS_ASSERTIONS = NO;
				ENABLE_STRICT_OBJC_MSGSEND = YES;
				GCC_C_LANGUAGE_STANDARD = gnu11;
				GCC_NO_COMMON_BLOCKS = YES;
				GCC_WARN_64_TO_32_BIT_CONVERSION = YES;
				GCC_WARN_ABOUT_RETURN_TYPE = YES_ERROR;
				GCC_WARN_UNDECLARED_SELECTOR = YES;
				GCC_WARN_UNINITIALIZED_AUTOS = YES_AGGRESSIVE;
				GCC_WARN_UNUSED_FUNCTION = YES;
				GCC_WARN_UNUSED_VARIABLE = YES;
				IPHONEOS_DEPLOYMENT_TARGET = 15.5;
				MTL_ENABLE_DEBUG_INFO = NO;
				MTL_FAST_MATH = YES;
				SDKROOT = iphoneos;
				SWIFT_COMPILATION_MODE = wholemodule;
				SWIFT_OPTIMIZATION_LEVEL = "-O";
				VALIDATE_PRODUCT = YES;
			};
			name = Release;
		};
		AA8441BD290FD9B400F2F135 /* Debug */ = {
			isa = XCBuildConfiguration;
			buildSettings = {
				ASSETCATALOG_COMPILER_APPICON_NAME = AppIcon;
				ASSETCATALOG_COMPILER_GLOBAL_ACCENT_COLOR_NAME = AccentColor;
				CODE_SIGN_STYLE = Automatic;
				CURRENT_PROJECT_VERSION = 1;
				DEVELOPMENT_TEAM = VJ39792262;
				GENERATE_INFOPLIST_FILE = YES;
				INFOPLIST_FILE = VKApp/Info.plist;
				INFOPLIST_KEY_UIApplicationSupportsIndirectInputEvents = YES;
				INFOPLIST_KEY_UILaunchStoryboardName = LaunchScreen;
				INFOPLIST_KEY_UIMainStoryboardFile = Main;
				INFOPLIST_KEY_UISupportedInterfaceOrientations_iPad = "UIInterfaceOrientationPortrait UIInterfaceOrientationPortraitUpsideDown UIInterfaceOrientationLandscapeLeft UIInterfaceOrientationLandscapeRight";
				INFOPLIST_KEY_UISupportedInterfaceOrientations_iPhone = "UIInterfaceOrientationPortrait UIInterfaceOrientationLandscapeLeft UIInterfaceOrientationLandscapeRight";
				LD_RUNPATH_SEARCH_PATHS = (
					"$(inherited)",
					"@executable_path/Frameworks",
				);
				MARKETING_VERSION = 1.0;
				PRODUCT_BUNDLE_IDENTIFIER = solovev93aa.VKApp;
				PRODUCT_NAME = "$(TARGET_NAME)";
				SWIFT_EMIT_LOC_STRINGS = YES;
				SWIFT_VERSION = 5.0;
				TARGETED_DEVICE_FAMILY = "1,2";
			};
			name = Debug;
		};
		AA8441BE290FD9B400F2F135 /* Release */ = {
			isa = XCBuildConfiguration;
			buildSettings = {
				ASSETCATALOG_COMPILER_APPICON_NAME = AppIcon;
				ASSETCATALOG_COMPILER_GLOBAL_ACCENT_COLOR_NAME = AccentColor;
				CODE_SIGN_STYLE = Automatic;
				CURRENT_PROJECT_VERSION = 1;
				DEVELOPMENT_TEAM = VJ39792262;
				GENERATE_INFOPLIST_FILE = YES;
				INFOPLIST_FILE = VKApp/Info.plist;
				INFOPLIST_KEY_UIApplicationSupportsIndirectInputEvents = YES;
				INFOPLIST_KEY_UILaunchStoryboardName = LaunchScreen;
				INFOPLIST_KEY_UIMainStoryboardFile = Main;
				INFOPLIST_KEY_UISupportedInterfaceOrientations_iPad = "UIInterfaceOrientationPortrait UIInterfaceOrientationPortraitUpsideDown UIInterfaceOrientationLandscapeLeft UIInterfaceOrientationLandscapeRight";
				INFOPLIST_KEY_UISupportedInterfaceOrientations_iPhone = "UIInterfaceOrientationPortrait UIInterfaceOrientationLandscapeLeft UIInterfaceOrientationLandscapeRight";
				LD_RUNPATH_SEARCH_PATHS = (
					"$(inherited)",
					"@executable_path/Frameworks",
				);
				MARKETING_VERSION = 1.0;
				PRODUCT_BUNDLE_IDENTIFIER = solovev93aa.VKApp;
				PRODUCT_NAME = "$(TARGET_NAME)";
				SWIFT_EMIT_LOC_STRINGS = YES;
				SWIFT_VERSION = 5.0;
				TARGETED_DEVICE_FAMILY = "1,2";
			};
			name = Release;
		};
/* End XCBuildConfiguration section */

/* Begin XCConfigurationList section */
		AA8441A3290FD9B400F2F135 /* Build configuration list for PBXProject "VKApp" */ = {
			isa = XCConfigurationList;
			buildConfigurations = (
				AA8441BA290FD9B400F2F135 /* Debug */,
				AA8441BB290FD9B400F2F135 /* Release */,
			);
			defaultConfigurationIsVisible = 0;
			defaultConfigurationName = Release;
		};
		AA8441BC290FD9B400F2F135 /* Build configuration list for PBXNativeTarget "VKApp" */ = {
			isa = XCConfigurationList;
			buildConfigurations = (
				AA8441BD290FD9B400F2F135 /* Debug */,
				AA8441BE290FD9B400F2F135 /* Release */,
			);
			defaultConfigurationIsVisible = 0;
			defaultConfigurationName = Release;
		};
/* End XCConfigurationList section */
	};
	rootObject = AA8441A0290FD9B400F2F135 /* Project object */;
}
